// !$*UTF8*$!
{
	archiveVersion = 1;
	classes = {
	};
	objectVersion = 56;
	objects = {

/* Begin PBXBuildFile section */
		5450FF932C9EEF87005F7D0A /* DailyMapleApp.swift in Sources */ = {isa = PBXBuildFile; fileRef = 5450FF922C9EEF87005F7D0A /* DailyMapleApp.swift */; };
		5450FF952C9EEF87005F7D0A /* ContentView.swift in Sources */ = {isa = PBXBuildFile; fileRef = 5450FF942C9EEF87005F7D0A /* ContentView.swift */; };
		5450FF972C9EEF88005F7D0A /* Assets.xcassets in Resources */ = {isa = PBXBuildFile; fileRef = 5450FF962C9EEF88005F7D0A /* Assets.xcassets */; };
		5450FF9A2C9EEF88005F7D0A /* Preview Assets.xcassets in Resources */ = {isa = PBXBuildFile; fileRef = 5450FF992C9EEF88005F7D0A /* Preview Assets.xcassets */; };
		5450FFA22C9EF022005F7D0A /* .gitignore in Resources */ = {isa = PBXBuildFile; fileRef = 5450FFA12C9EF022005F7D0A /* .gitignore */; };
		5450FFA42C9EF066005F7D0A /* APIKey.swift in Sources */ = {isa = PBXBuildFile; fileRef = 5450FFA32C9EF066005F7D0A /* APIKey.swift */; };
		5450FFA82C9EF133005F7D0A /* MockDataManager.swift in Sources */ = {isa = PBXBuildFile; fileRef = 5450FFA72C9EF133005F7D0A /* MockDataManager.swift */; };
		5450FFAB2C9EF551005F7D0A /* CharacterResponse.swift in Sources */ = {isa = PBXBuildFile; fileRef = 5450FFAA2C9EF551005F7D0A /* CharacterResponse.swift */; };
		5450FFAE2C9EF5B5005F7D0A /* Character.json in Resources */ = {isa = PBXBuildFile; fileRef = 5450FFAD2C9EF5B5005F7D0A /* Character.json */; };
		5450FFB22C9EF6FF005F7D0A /* CharacterInfoView.swift in Sources */ = {isa = PBXBuildFile; fileRef = 5450FFB12C9EF6FF005F7D0A /* CharacterInfoView.swift */; };
		5450FFB42C9EF706005F7D0A /* CharacterInfoViewModel.swift in Sources */ = {isa = PBXBuildFile; fileRef = 5450FFB32C9EF706005F7D0A /* CharacterInfoViewModel.swift */; };
		5450FFBA2C9F08E4005F7D0A /* Maplestory OTF Bold.otf in Resources */ = {isa = PBXBuildFile; fileRef = 5450FFB92C9F08E4005F7D0A /* Maplestory OTF Bold.otf */; };
		5450FFBC2C9F08EB005F7D0A /* Maplestory OTF Light.otf in Resources */ = {isa = PBXBuildFile; fileRef = 5450FFBB2C9F08EB005F7D0A /* Maplestory OTF Light.otf */; };
		5450FFC02C9F0B2F005F7D0A /* Font+.swift in Sources */ = {isa = PBXBuildFile; fileRef = 5450FFBF2C9F0B2F005F7D0A /* Font+.swift */; };
		5450FFC42C9F0CAA005F7D0A /* Stats.json in Resources */ = {isa = PBXBuildFile; fileRef = 5450FFC22C9F0CAA005F7D0A /* Stats.json */; };
		5450FFC62C9F1178005F7D0A /* CharacterStatResponseModel.swift in Sources */ = {isa = PBXBuildFile; fileRef = 5450FFC52C9F1178005F7D0A /* CharacterStatResponseModel.swift */; };
		5450FFC92C9F1360005F7D0A /* CharacterStatView.swift in Sources */ = {isa = PBXBuildFile; fileRef = 5450FFC82C9F1360005F7D0A /* CharacterStatView.swift */; };
		5450FFCB2C9F136F005F7D0A /* CharacterStatViewModel.swift in Sources */ = {isa = PBXBuildFile; fileRef = 5450FFCA2C9F136F005F7D0A /* CharacterStatViewModel.swift */; };
		5450FFCE2C9FCF8D005F7D0A /* Items.json in Resources */ = {isa = PBXBuildFile; fileRef = 5450FFCC2C9FCF8D005F7D0A /* Items.json */; };
		5450FFD12C9FD019005F7D0A /* EquipmentView.swift in Sources */ = {isa = PBXBuildFile; fileRef = 5450FFD02C9FD019005F7D0A /* EquipmentView.swift */; };
		5450FFD32C9FD021005F7D0A /* EquipmentViewModel.swift in Sources */ = {isa = PBXBuildFile; fileRef = 5450FFD22C9FD021005F7D0A /* EquipmentViewModel.swift */; };
		5450FFD52C9FD090005F7D0A /* EquipmentsResponseModel.swift in Sources */ = {isa = PBXBuildFile; fileRef = 5450FFD42C9FD090005F7D0A /* EquipmentsResponseModel.swift */; };
		5450FFD82C9FD153005F7D0A /* PropertyReflectable.swift in Sources */ = {isa = PBXBuildFile; fileRef = 5450FFD72C9FD153005F7D0A /* PropertyReflectable.swift */; };
		5450FFDA2C9FD499005F7D0A /* EquipmentDetailView.swift in Sources */ = {isa = PBXBuildFile; fileRef = 5450FFD92C9FD499005F7D0A /* EquipmentDetailView.swift */; };
		5450FFDE2C9FD56C005F7D0A /* ClearBackgroundView.swift in Sources */ = {isa = PBXBuildFile; fileRef = 5450FFDD2C9FD56C005F7D0A /* ClearBackgroundView.swift */; };
		5450FFE02C9FD5AF005F7D0A /* ClearBackground.swift in Sources */ = {isa = PBXBuildFile; fileRef = 5450FFDF2C9FD5AF005F7D0A /* ClearBackground.swift */; };
		5450FFE52C9FF6EF005F7D0A /* Symbol.json in Resources */ = {isa = PBXBuildFile; fileRef = 5450FFE32C9FF6EF005F7D0A /* Symbol.json */; };
		5450FFE72C9FF7E0005F7D0A /* SymbolResponseModel.swift in Sources */ = {isa = PBXBuildFile; fileRef = 5450FFE62C9FF7E0005F7D0A /* SymbolResponseModel.swift */; };
		5450FFEA2C9FFC9E005F7D0A /* SymbolView.swift in Sources */ = {isa = PBXBuildFile; fileRef = 5450FFE92C9FFC9E005F7D0A /* SymbolView.swift */; };
		5450FFEC2C9FFCA5005F7D0A /* SymbolViewModel.swift in Sources */ = {isa = PBXBuildFile; fileRef = 5450FFEB2C9FFCA5005F7D0A /* SymbolViewModel.swift */; };
		54A2A3412CA135800099239B /* HyperStat.json in Resources */ = {isa = PBXBuildFile; fileRef = 54A2A33F2CA135800099239B /* HyperStat.json */; };
		54A2A3442CA135D80099239B /* HyperStatView.swift in Sources */ = {isa = PBXBuildFile; fileRef = 54A2A3432CA135D80099239B /* HyperStatView.swift */; };
		54A2A3462CA135E00099239B /* HyperStatViewModel.swift in Sources */ = {isa = PBXBuildFile; fileRef = 54A2A3452CA135E00099239B /* HyperStatViewModel.swift */; };
		54A2A3482CA1369B0099239B /* HyperStatResponseModel.swift in Sources */ = {isa = PBXBuildFile; fileRef = 54A2A3472CA1369B0099239B /* HyperStatResponseModel.swift */; };
		54A2A34B2CA151F50099239B /* Ability.json in Resources */ = {isa = PBXBuildFile; fileRef = 54A2A3492CA151F50099239B /* Ability.json */; };
		54A2A34D2CA152C30099239B /* AbilityResponseModel.swift in Sources */ = {isa = PBXBuildFile; fileRef = 54A2A34C2CA152C30099239B /* AbilityResponseModel.swift */; };
/* End PBXBuildFile section */

/* Begin PBXFileReference section */
		5450FF8F2C9EEF87005F7D0A /* DailyMaple.app */ = {isa = PBXFileReference; explicitFileType = wrapper.application; includeInIndex = 0; path = DailyMaple.app; sourceTree = BUILT_PRODUCTS_DIR; };
		5450FF922C9EEF87005F7D0A /* DailyMapleApp.swift */ = {isa = PBXFileReference; lastKnownFileType = sourcecode.swift; path = DailyMapleApp.swift; sourceTree = "<group>"; };
		5450FF942C9EEF87005F7D0A /* ContentView.swift */ = {isa = PBXFileReference; lastKnownFileType = sourcecode.swift; path = ContentView.swift; sourceTree = "<group>"; };
		5450FF962C9EEF88005F7D0A /* Assets.xcassets */ = {isa = PBXFileReference; lastKnownFileType = folder.assetcatalog; path = Assets.xcassets; sourceTree = "<group>"; };
		5450FF992C9EEF88005F7D0A /* Preview Assets.xcassets */ = {isa = PBXFileReference; lastKnownFileType = folder.assetcatalog; path = "Preview Assets.xcassets"; sourceTree = "<group>"; };
		5450FFA12C9EF022005F7D0A /* .gitignore */ = {isa = PBXFileReference; lastKnownFileType = text; path = .gitignore; sourceTree = "<group>"; };
		5450FFA32C9EF066005F7D0A /* APIKey.swift */ = {isa = PBXFileReference; lastKnownFileType = sourcecode.swift; path = APIKey.swift; sourceTree = "<group>"; };
		5450FFA72C9EF133005F7D0A /* MockDataManager.swift */ = {isa = PBXFileReference; lastKnownFileType = sourcecode.swift; path = MockDataManager.swift; sourceTree = "<group>"; };
		5450FFAA2C9EF551005F7D0A /* CharacterResponse.swift */ = {isa = PBXFileReference; lastKnownFileType = sourcecode.swift; path = CharacterResponse.swift; sourceTree = "<group>"; };
		5450FFAD2C9EF5B5005F7D0A /* Character.json */ = {isa = PBXFileReference; fileEncoding = 4; lastKnownFileType = text.json; path = Character.json; sourceTree = "<group>"; };
		5450FFB12C9EF6FF005F7D0A /* CharacterInfoView.swift */ = {isa = PBXFileReference; lastKnownFileType = sourcecode.swift; path = CharacterInfoView.swift; sourceTree = "<group>"; };
		5450FFB32C9EF706005F7D0A /* CharacterInfoViewModel.swift */ = {isa = PBXFileReference; lastKnownFileType = sourcecode.swift; path = CharacterInfoViewModel.swift; sourceTree = "<group>"; };
		5450FFB92C9F08E4005F7D0A /* Maplestory OTF Bold.otf */ = {isa = PBXFileReference; lastKnownFileType = file; path = "Maplestory OTF Bold.otf"; sourceTree = "<group>"; };
		5450FFBB2C9F08EB005F7D0A /* Maplestory OTF Light.otf */ = {isa = PBXFileReference; lastKnownFileType = file; path = "Maplestory OTF Light.otf"; sourceTree = "<group>"; };
		5450FFBD2C9F0929005F7D0A /* Info.plist */ = {isa = PBXFileReference; lastKnownFileType = text.plist; path = Info.plist; sourceTree = "<group>"; };
		5450FFBF2C9F0B2F005F7D0A /* Font+.swift */ = {isa = PBXFileReference; lastKnownFileType = sourcecode.swift; path = "Font+.swift"; sourceTree = "<group>"; };
		5450FFC32C9F0CAA005F7D0A /* en */ = {isa = PBXFileReference; lastKnownFileType = text.json; name = en; path = en.lproj/Stats.json; sourceTree = "<group>"; };
		5450FFC52C9F1178005F7D0A /* CharacterStatResponseModel.swift */ = {isa = PBXFileReference; lastKnownFileType = sourcecode.swift; path = CharacterStatResponseModel.swift; sourceTree = "<group>"; };
		5450FFC82C9F1360005F7D0A /* CharacterStatView.swift */ = {isa = PBXFileReference; lastKnownFileType = sourcecode.swift; path = CharacterStatView.swift; sourceTree = "<group>"; };
		5450FFCA2C9F136F005F7D0A /* CharacterStatViewModel.swift */ = {isa = PBXFileReference; lastKnownFileType = sourcecode.swift; path = CharacterStatViewModel.swift; sourceTree = "<group>"; };
		5450FFCD2C9FCF8D005F7D0A /* en */ = {isa = PBXFileReference; lastKnownFileType = text.json; name = en; path = en.lproj/Items.json; sourceTree = "<group>"; };
		5450FFD02C9FD019005F7D0A /* EquipmentView.swift */ = {isa = PBXFileReference; lastKnownFileType = sourcecode.swift; path = EquipmentView.swift; sourceTree = "<group>"; };
		5450FFD22C9FD021005F7D0A /* EquipmentViewModel.swift */ = {isa = PBXFileReference; lastKnownFileType = sourcecode.swift; path = EquipmentViewModel.swift; sourceTree = "<group>"; };
		5450FFD42C9FD090005F7D0A /* EquipmentsResponseModel.swift */ = {isa = PBXFileReference; lastKnownFileType = sourcecode.swift; path = EquipmentsResponseModel.swift; sourceTree = "<group>"; };
		5450FFD72C9FD153005F7D0A /* PropertyReflectable.swift */ = {isa = PBXFileReference; lastKnownFileType = sourcecode.swift; path = PropertyReflectable.swift; sourceTree = "<group>"; };
		5450FFD92C9FD499005F7D0A /* EquipmentDetailView.swift */ = {isa = PBXFileReference; lastKnownFileType = sourcecode.swift; path = EquipmentDetailView.swift; sourceTree = "<group>"; };
		5450FFDD2C9FD56C005F7D0A /* ClearBackgroundView.swift */ = {isa = PBXFileReference; lastKnownFileType = sourcecode.swift; path = ClearBackgroundView.swift; sourceTree = "<group>"; };
		5450FFDF2C9FD5AF005F7D0A /* ClearBackground.swift */ = {isa = PBXFileReference; lastKnownFileType = sourcecode.swift; path = ClearBackground.swift; sourceTree = "<group>"; };
		5450FFE42C9FF6EF005F7D0A /* en */ = {isa = PBXFileReference; lastKnownFileType = text.json; name = en; path = en.lproj/Symbol.json; sourceTree = "<group>"; };
		5450FFE62C9FF7E0005F7D0A /* SymbolResponseModel.swift */ = {isa = PBXFileReference; lastKnownFileType = sourcecode.swift; path = SymbolResponseModel.swift; sourceTree = "<group>"; };
		5450FFE92C9FFC9E005F7D0A /* SymbolView.swift */ = {isa = PBXFileReference; lastKnownFileType = sourcecode.swift; path = SymbolView.swift; sourceTree = "<group>"; };
		5450FFEB2C9FFCA5005F7D0A /* SymbolViewModel.swift */ = {isa = PBXFileReference; lastKnownFileType = sourcecode.swift; path = SymbolViewModel.swift; sourceTree = "<group>"; };
		54A2A3402CA135800099239B /* en */ = {isa = PBXFileReference; lastKnownFileType = text.json; name = en; path = en.lproj/HyperStat.json; sourceTree = "<group>"; };
		54A2A3432CA135D80099239B /* HyperStatView.swift */ = {isa = PBXFileReference; lastKnownFileType = sourcecode.swift; path = HyperStatView.swift; sourceTree = "<group>"; };
		54A2A3452CA135E00099239B /* HyperStatViewModel.swift */ = {isa = PBXFileReference; lastKnownFileType = sourcecode.swift; path = HyperStatViewModel.swift; sourceTree = "<group>"; };
		54A2A3472CA1369B0099239B /* HyperStatResponseModel.swift */ = {isa = PBXFileReference; lastKnownFileType = sourcecode.swift; path = HyperStatResponseModel.swift; sourceTree = "<group>"; };
		54A2A34A2CA151F50099239B /* en */ = {isa = PBXFileReference; lastKnownFileType = text.json; name = en; path = en.lproj/Ability.json; sourceTree = "<group>"; };
		54A2A34C2CA152C30099239B /* AbilityResponseModel.swift */ = {isa = PBXFileReference; lastKnownFileType = sourcecode.swift; path = AbilityResponseModel.swift; sourceTree = "<group>"; };
/* End PBXFileReference section */

/* Begin PBXFrameworksBuildPhase section */
		5450FF8C2C9EEF87005F7D0A /* Frameworks */ = {
			isa = PBXFrameworksBuildPhase;
			buildActionMask = 2147483647;
			files = (
			);
			runOnlyForDeploymentPostprocessing = 0;
		};
/* End PBXFrameworksBuildPhase section */

/* Begin PBXGroup section */
		5450FF862C9EEF87005F7D0A = {
			isa = PBXGroup;
			children = (
				5450FFA12C9EF022005F7D0A /* .gitignore */,
				5450FF912C9EEF87005F7D0A /* DailyMaple */,
				5450FF902C9EEF87005F7D0A /* Products */,
			);
			sourceTree = "<group>";
		};
		5450FF902C9EEF87005F7D0A /* Products */ = {
			isa = PBXGroup;
			children = (
				5450FF8F2C9EEF87005F7D0A /* DailyMaple.app */,
			);
			name = Products;
			sourceTree = "<group>";
		};
		5450FF912C9EEF87005F7D0A /* DailyMaple */ = {
			isa = PBXGroup;
			children = (
				5450FFDB2C9FD52A005F7D0A /* Custom */,
				5450FFD62C9FD14C005F7D0A /* Protocol */,
				5450FFBE2C9F0B23005F7D0A /* Extension */,
				5450FFBD2C9F0929005F7D0A /* Info.plist */,
				5450FF922C9EEF87005F7D0A /* DailyMapleApp.swift */,
				5450FF962C9EEF88005F7D0A /* Assets.xcassets */,
				5450FFB82C9F08C6005F7D0A /* Font */,
				5450FFA52C9EF0AB005F7D0A /* Network */,
				5450FFAF2C9EF6CD005F7D0A /* Presentation */,
				5450FF982C9EEF88005F7D0A /* Preview Content */,
			);
			path = DailyMaple;
			sourceTree = "<group>";
		};
		5450FF982C9EEF88005F7D0A /* Preview Content */ = {
			isa = PBXGroup;
			children = (
				5450FF992C9EEF88005F7D0A /* Preview Assets.xcassets */,
			);
			path = "Preview Content";
			sourceTree = "<group>";
		};
		5450FFA52C9EF0AB005F7D0A /* Network */ = {
			isa = PBXGroup;
			children = (
				5450FFA32C9EF066005F7D0A /* APIKey.swift */,
				5450FFA92C9EF184005F7D0A /* ResponseModel */,
				5450FFA62C9EF11F005F7D0A /* Mock */,
			);
			name = Network;
			sourceTree = "<group>";
		};
		5450FFA62C9EF11F005F7D0A /* Mock */ = {
			isa = PBXGroup;
			children = (
				5450FFAC2C9EF595005F7D0A /* MockData */,
				5450FFA72C9EF133005F7D0A /* MockDataManager.swift */,
			);
			name = Mock;
			sourceTree = "<group>";
		};
		5450FFA92C9EF184005F7D0A /* ResponseModel */ = {
			isa = PBXGroup;
			children = (
				5450FFAA2C9EF551005F7D0A /* CharacterResponse.swift */,
				5450FFE62C9FF7E0005F7D0A /* SymbolResponseModel.swift */,
				5450FFC52C9F1178005F7D0A /* CharacterStatResponseModel.swift */,
				5450FFD42C9FD090005F7D0A /* EquipmentsResponseModel.swift */,
				54A2A3472CA1369B0099239B /* HyperStatResponseModel.swift */,
				54A2A34C2CA152C30099239B /* AbilityResponseModel.swift */,
			);
			name = ResponseModel;
			sourceTree = "<group>";
		};
		5450FFAC2C9EF595005F7D0A /* MockData */ = {
			isa = PBXGroup;
			children = (
				5450FFAD2C9EF5B5005F7D0A /* Character.json */,
				5450FFE32C9FF6EF005F7D0A /* Symbol.json */,
				5450FFCC2C9FCF8D005F7D0A /* Items.json */,
				5450FFC22C9F0CAA005F7D0A /* Stats.json */,
				54A2A33F2CA135800099239B /* HyperStat.json */,
				54A2A3492CA151F50099239B /* Ability.json */,
			);
			name = MockData;
			sourceTree = "<group>";
		};
		5450FFAF2C9EF6CD005F7D0A /* Presentation */ = {
			isa = PBXGroup;
			children = (
				5450FF942C9EEF87005F7D0A /* ContentView.swift */,
				5450FFB02C9EF6DE005F7D0A /* CharacterInfoView */,
			);
			path = Presentation;
			sourceTree = "<group>";
		};
		5450FFB02C9EF6DE005F7D0A /* CharacterInfoView */ = {
			isa = PBXGroup;
			children = (
				5450FFC72C9F1352005F7D0A /* CharacterInfoTap */,
				5450FFB12C9EF6FF005F7D0A /* CharacterInfoView.swift */,
				5450FFB32C9EF706005F7D0A /* CharacterInfoViewModel.swift */,
			);
			path = CharacterInfoView;
			sourceTree = "<group>";
		};
		5450FFB82C9F08C6005F7D0A /* Font */ = {
			isa = PBXGroup;
			children = (
				5450FFB92C9F08E4005F7D0A /* Maplestory OTF Bold.otf */,
				5450FFBB2C9F08EB005F7D0A /* Maplestory OTF Light.otf */,
			);
			path = Font;
			sourceTree = "<group>";
		};
		5450FFBE2C9F0B23005F7D0A /* Extension */ = {
			isa = PBXGroup;
			children = (
				5450FFBF2C9F0B2F005F7D0A /* Font+.swift */,
			);
			path = Extension;
			sourceTree = "<group>";
		};
		5450FFC72C9F1352005F7D0A /* CharacterInfoTap */ = {
			isa = PBXGroup;
			children = (
				54A2A3422CA135CC0099239B /* HyperStatView */,
				5450FFE82C9FFC97005F7D0A /* SymbolView */,
				5450FFCF2C9FD009005F7D0A /* EquipementView */,
				5450FFE12C9FF3DD005F7D0A /* CharacterStatView */,
			);
			path = CharacterInfoTap;
			sourceTree = "<group>";
		};
		5450FFCF2C9FD009005F7D0A /* EquipementView */ = {
			isa = PBXGroup;
			children = (
				5450FFD02C9FD019005F7D0A /* EquipmentView.swift */,
				5450FFD22C9FD021005F7D0A /* EquipmentViewModel.swift */,
				5450FFD92C9FD499005F7D0A /* EquipmentDetailView.swift */,
			);
			path = EquipementView;
			sourceTree = "<group>";
		};
		5450FFD62C9FD14C005F7D0A /* Protocol */ = {
			isa = PBXGroup;
			children = (
				5450FFD72C9FD153005F7D0A /* PropertyReflectable.swift */,
			);
			path = Protocol;
			sourceTree = "<group>";
		};
		5450FFDB2C9FD52A005F7D0A /* Custom */ = {
			isa = PBXGroup;
			children = (
				5450FFDC2C9FD538005F7D0A /* View */,
			);
			path = Custom;
			sourceTree = "<group>";
		};
		5450FFDC2C9FD538005F7D0A /* View */ = {
			isa = PBXGroup;
			children = (
				5450FFDD2C9FD56C005F7D0A /* ClearBackgroundView.swift */,
				5450FFDF2C9FD5AF005F7D0A /* ClearBackground.swift */,
			);
			path = View;
			sourceTree = "<group>";
		};
		5450FFE12C9FF3DD005F7D0A /* CharacterStatView */ = {
			isa = PBXGroup;
			children = (
				5450FFC82C9F1360005F7D0A /* CharacterStatView.swift */,
				5450FFCA2C9F136F005F7D0A /* CharacterStatViewModel.swift */,
			);
			path = CharacterStatView;
			sourceTree = "<group>";
		};
		5450FFE82C9FFC97005F7D0A /* SymbolView */ = {
			isa = PBXGroup;
			children = (
				5450FFE92C9FFC9E005F7D0A /* SymbolView.swift */,
				5450FFEB2C9FFCA5005F7D0A /* SymbolViewModel.swift */,
			);
			path = SymbolView;
			sourceTree = "<group>";
		};
		54A2A3422CA135CC0099239B /* HyperStatView */ = {
			isa = PBXGroup;
			children = (
				54A2A3432CA135D80099239B /* HyperStatView.swift */,
				54A2A3452CA135E00099239B /* HyperStatViewModel.swift */,
			);
			path = HyperStatView;
			sourceTree = "<group>";
		};
/* End PBXGroup section */

/* Begin PBXNativeTarget section */
		5450FF8E2C9EEF87005F7D0A /* DailyMaple */ = {
			isa = PBXNativeTarget;
			buildConfigurationList = 5450FF9D2C9EEF88005F7D0A /* Build configuration list for PBXNativeTarget "DailyMaple" */;
			buildPhases = (
				5450FF8B2C9EEF87005F7D0A /* Sources */,
				5450FF8C2C9EEF87005F7D0A /* Frameworks */,
				5450FF8D2C9EEF87005F7D0A /* Resources */,
			);
			buildRules = (
			);
			dependencies = (
			);
			name = DailyMaple;
			productName = DailyMaple;
			productReference = 5450FF8F2C9EEF87005F7D0A /* DailyMaple.app */;
			productType = "com.apple.product-type.application";
		};
/* End PBXNativeTarget section */

/* Begin PBXProject section */
		5450FF872C9EEF87005F7D0A /* Project object */ = {
			isa = PBXProject;
			attributes = {
				BuildIndependentTargetsInParallel = 1;
				LastSwiftUpdateCheck = 1530;
				LastUpgradeCheck = 1530;
				TargetAttributes = {
					5450FF8E2C9EEF87005F7D0A = {
						CreatedOnToolsVersion = 15.3;
					};
				};
			};
			buildConfigurationList = 5450FF8A2C9EEF87005F7D0A /* Build configuration list for PBXProject "DailyMaple" */;
			compatibilityVersion = "Xcode 14.0";
			developmentRegion = en;
			hasScannedForEncodings = 0;
			knownRegions = (
				en,
				Base,
			);
			mainGroup = 5450FF862C9EEF87005F7D0A;
			productRefGroup = 5450FF902C9EEF87005F7D0A /* Products */;
			projectDirPath = "";
			projectRoot = "";
			targets = (
				5450FF8E2C9EEF87005F7D0A /* DailyMaple */,
			);
		};
/* End PBXProject section */

/* Begin PBXResourcesBuildPhase section */
		5450FF8D2C9EEF87005F7D0A /* Resources */ = {
			isa = PBXResourcesBuildPhase;
			buildActionMask = 2147483647;
			files = (
				5450FFBC2C9F08EB005F7D0A /* Maplestory OTF Light.otf in Resources */,
				5450FF9A2C9EEF88005F7D0A /* Preview Assets.xcassets in Resources */,
				54A2A3412CA135800099239B /* HyperStat.json in Resources */,
				5450FFBA2C9F08E4005F7D0A /* Maplestory OTF Bold.otf in Resources */,
				5450FFA22C9EF022005F7D0A /* .gitignore in Resources */,
				54A2A34B2CA151F50099239B /* Ability.json in Resources */,
				5450FFCE2C9FCF8D005F7D0A /* Items.json in Resources */,
				5450FFE52C9FF6EF005F7D0A /* Symbol.json in Resources */,
				5450FFC42C9F0CAA005F7D0A /* Stats.json in Resources */,
				5450FF972C9EEF88005F7D0A /* Assets.xcassets in Resources */,
				5450FFAE2C9EF5B5005F7D0A /* Character.json in Resources */,
			);
			runOnlyForDeploymentPostprocessing = 0;
		};
/* End PBXResourcesBuildPhase section */

/* Begin PBXSourcesBuildPhase section */
		5450FF8B2C9EEF87005F7D0A /* Sources */ = {
			isa = PBXSourcesBuildPhase;
			buildActionMask = 2147483647;
			files = (
				5450FFC02C9F0B2F005F7D0A /* Font+.swift in Sources */,
				5450FFEC2C9FFCA5005F7D0A /* SymbolViewModel.swift in Sources */,
				5450FF952C9EEF87005F7D0A /* ContentView.swift in Sources */,
				54A2A3482CA1369B0099239B /* HyperStatResponseModel.swift in Sources */,
				54A2A34D2CA152C30099239B /* AbilityResponseModel.swift in Sources */,
				5450FFD82C9FD153005F7D0A /* PropertyReflectable.swift in Sources */,
				5450FFA42C9EF066005F7D0A /* APIKey.swift in Sources */,
				5450FFAB2C9EF551005F7D0A /* CharacterResponse.swift in Sources */,
				54A2A3462CA135E00099239B /* HyperStatViewModel.swift in Sources */,
				5450FFE02C9FD5AF005F7D0A /* ClearBackground.swift in Sources */,
				5450FF932C9EEF87005F7D0A /* DailyMapleApp.swift in Sources */,
				5450FFB22C9EF6FF005F7D0A /* CharacterInfoView.swift in Sources */,
				54A2A3442CA135D80099239B /* HyperStatView.swift in Sources */,
				5450FFC92C9F1360005F7D0A /* CharacterStatView.swift in Sources */,
				5450FFA82C9EF133005F7D0A /* MockDataManager.swift in Sources */,
				5450FFE72C9FF7E0005F7D0A /* SymbolResponseModel.swift in Sources */,
				5450FFD52C9FD090005F7D0A /* EquipmentsResponseModel.swift in Sources */,
				5450FFDA2C9FD499005F7D0A /* EquipmentDetailView.swift in Sources */,
				5450FFDE2C9FD56C005F7D0A /* ClearBackgroundView.swift in Sources */,
				5450FFB42C9EF706005F7D0A /* CharacterInfoViewModel.swift in Sources */,
				5450FFD12C9FD019005F7D0A /* EquipmentView.swift in Sources */,
				5450FFEA2C9FFC9E005F7D0A /* SymbolView.swift in Sources */,
				5450FFC62C9F1178005F7D0A /* CharacterStatResponseModel.swift in Sources */,
				5450FFCB2C9F136F005F7D0A /* CharacterStatViewModel.swift in Sources */,
				5450FFD32C9FD021005F7D0A /* EquipmentViewModel.swift in Sources */,
			);
			runOnlyForDeploymentPostprocessing = 0;
		};
/* End PBXSourcesBuildPhase section */

/* Begin PBXVariantGroup section */
		5450FFC22C9F0CAA005F7D0A /* Stats.json */ = {
			isa = PBXVariantGroup;
			children = (
				5450FFC32C9F0CAA005F7D0A /* en */,
			);
			name = Stats.json;
			sourceTree = "<group>";
		};
		5450FFCC2C9FCF8D005F7D0A /* Items.json */ = {
			isa = PBXVariantGroup;
			children = (
				5450FFCD2C9FCF8D005F7D0A /* en */,
			);
			name = Items.json;
			sourceTree = "<group>";
		};
		5450FFE32C9FF6EF005F7D0A /* Symbol.json */ = {
			isa = PBXVariantGroup;
			children = (
				5450FFE42C9FF6EF005F7D0A /* en */,
			);
			name = Symbol.json;
			sourceTree = "<group>";
		};
		54A2A33F2CA135800099239B /* HyperStat.json */ = {
			isa = PBXVariantGroup;
			children = (
				54A2A3402CA135800099239B /* en */,
			);
			name = HyperStat.json;
			sourceTree = "<group>";
		};
		54A2A3492CA151F50099239B /* Ability.json */ = {
			isa = PBXVariantGroup;
			children = (
				54A2A34A2CA151F50099239B /* en */,
			);
			name = Ability.json;
			sourceTree = "<group>";
		};
/* End PBXVariantGroup section */

/* Begin XCBuildConfiguration section */
		5450FF9B2C9EEF88005F7D0A /* Debug */ = {
			isa = XCBuildConfiguration;
			buildSettings = {
				ALWAYS_SEARCH_USER_PATHS = NO;
				ASSETCATALOG_COMPILER_GENERATE_SWIFT_ASSET_SYMBOL_EXTENSIONS = YES;
				CLANG_ANALYZER_NONNULL = YES;
				CLANG_ANALYZER_NUMBER_OBJECT_CONVERSION = YES_AGGRESSIVE;
				CLANG_CXX_LANGUAGE_STANDARD = "gnu++20";
				CLANG_ENABLE_MODULES = YES;
				CLANG_ENABLE_OBJC_ARC = YES;
				CLANG_ENABLE_OBJC_WEAK = YES;
				CLANG_WARN_BLOCK_CAPTURE_AUTORELEASING = YES;
				CLANG_WARN_BOOL_CONVERSION = YES;
				CLANG_WARN_COMMA = YES;
				CLANG_WARN_CONSTANT_CONVERSION = YES;
				CLANG_WARN_DEPRECATED_OBJC_IMPLEMENTATIONS = YES;
				CLANG_WARN_DIRECT_OBJC_ISA_USAGE = YES_ERROR;
				CLANG_WARN_DOCUMENTATION_COMMENTS = YES;
				CLANG_WARN_EMPTY_BODY = YES;
				CLANG_WARN_ENUM_CONVERSION = YES;
				CLANG_WARN_INFINITE_RECURSION = YES;
				CLANG_WARN_INT_CONVERSION = YES;
				CLANG_WARN_NON_LITERAL_NULL_CONVERSION = YES;
				CLANG_WARN_OBJC_IMPLICIT_RETAIN_SELF = YES;
				CLANG_WARN_OBJC_LITERAL_CONVERSION = YES;
				CLANG_WARN_OBJC_ROOT_CLASS = YES_ERROR;
				CLANG_WARN_QUOTED_INCLUDE_IN_FRAMEWORK_HEADER = YES;
				CLANG_WARN_RANGE_LOOP_ANALYSIS = YES;
				CLANG_WARN_STRICT_PROTOTYPES = YES;
				CLANG_WARN_SUSPICIOUS_MOVE = YES;
				CLANG_WARN_UNGUARDED_AVAILABILITY = YES_AGGRESSIVE;
				CLANG_WARN_UNREACHABLE_CODE = YES;
				CLANG_WARN__DUPLICATE_METHOD_MATCH = YES;
				COPY_PHASE_STRIP = NO;
				DEBUG_INFORMATION_FORMAT = dwarf;
				ENABLE_STRICT_OBJC_MSGSEND = YES;
				ENABLE_TESTABILITY = YES;
				ENABLE_USER_SCRIPT_SANDBOXING = YES;
				GCC_C_LANGUAGE_STANDARD = gnu17;
				GCC_DYNAMIC_NO_PIC = NO;
				GCC_NO_COMMON_BLOCKS = YES;
				GCC_OPTIMIZATION_LEVEL = 0;
				GCC_PREPROCESSOR_DEFINITIONS = (
					"DEBUG=1",
					"$(inherited)",
				);
				GCC_WARN_64_TO_32_BIT_CONVERSION = YES;
				GCC_WARN_ABOUT_RETURN_TYPE = YES_ERROR;
				GCC_WARN_UNDECLARED_SELECTOR = YES;
				GCC_WARN_UNINITIALIZED_AUTOS = YES_AGGRESSIVE;
				GCC_WARN_UNUSED_FUNCTION = YES;
				GCC_WARN_UNUSED_VARIABLE = YES;
				IPHONEOS_DEPLOYMENT_TARGET = 17.4;
				LOCALIZATION_PREFERS_STRING_CATALOGS = YES;
				MTL_ENABLE_DEBUG_INFO = INCLUDE_SOURCE;
				MTL_FAST_MATH = YES;
				ONLY_ACTIVE_ARCH = YES;
				SDKROOT = iphoneos;
				SWIFT_ACTIVE_COMPILATION_CONDITIONS = "DEBUG $(inherited)";
				SWIFT_OPTIMIZATION_LEVEL = "-Onone";
			};
			name = Debug;
		};
		5450FF9C2C9EEF88005F7D0A /* Release */ = {
			isa = XCBuildConfiguration;
			buildSettings = {
				ALWAYS_SEARCH_USER_PATHS = NO;
				ASSETCATALOG_COMPILER_GENERATE_SWIFT_ASSET_SYMBOL_EXTENSIONS = YES;
				CLANG_ANALYZER_NONNULL = YES;
				CLANG_ANALYZER_NUMBER_OBJECT_CONVERSION = YES_AGGRESSIVE;
				CLANG_CXX_LANGUAGE_STANDARD = "gnu++20";
				CLANG_ENABLE_MODULES = YES;
				CLANG_ENABLE_OBJC_ARC = YES;
				CLANG_ENABLE_OBJC_WEAK = YES;
				CLANG_WARN_BLOCK_CAPTURE_AUTORELEASING = YES;
				CLANG_WARN_BOOL_CONVERSION = YES;
				CLANG_WARN_COMMA = YES;
				CLANG_WARN_CONSTANT_CONVERSION = YES;
				CLANG_WARN_DEPRECATED_OBJC_IMPLEMENTATIONS = YES;
				CLANG_WARN_DIRECT_OBJC_ISA_USAGE = YES_ERROR;
				CLANG_WARN_DOCUMENTATION_COMMENTS = YES;
				CLANG_WARN_EMPTY_BODY = YES;
				CLANG_WARN_ENUM_CONVERSION = YES;
				CLANG_WARN_INFINITE_RECURSION = YES;
				CLANG_WARN_INT_CONVERSION = YES;
				CLANG_WARN_NON_LITERAL_NULL_CONVERSION = YES;
				CLANG_WARN_OBJC_IMPLICIT_RETAIN_SELF = YES;
				CLANG_WARN_OBJC_LITERAL_CONVERSION = YES;
				CLANG_WARN_OBJC_ROOT_CLASS = YES_ERROR;
				CLANG_WARN_QUOTED_INCLUDE_IN_FRAMEWORK_HEADER = YES;
				CLANG_WARN_RANGE_LOOP_ANALYSIS = YES;
				CLANG_WARN_STRICT_PROTOTYPES = YES;
				CLANG_WARN_SUSPICIOUS_MOVE = YES;
				CLANG_WARN_UNGUARDED_AVAILABILITY = YES_AGGRESSIVE;
				CLANG_WARN_UNREACHABLE_CODE = YES;
				CLANG_WARN__DUPLICATE_METHOD_MATCH = YES;
				COPY_PHASE_STRIP = NO;
				DEBUG_INFORMATION_FORMAT = "dwarf-with-dsym";
				ENABLE_NS_ASSERTIONS = NO;
				ENABLE_STRICT_OBJC_MSGSEND = YES;
				ENABLE_USER_SCRIPT_SANDBOXING = YES;
				GCC_C_LANGUAGE_STANDARD = gnu17;
				GCC_NO_COMMON_BLOCKS = YES;
				GCC_WARN_64_TO_32_BIT_CONVERSION = YES;
				GCC_WARN_ABOUT_RETURN_TYPE = YES_ERROR;
				GCC_WARN_UNDECLARED_SELECTOR = YES;
				GCC_WARN_UNINITIALIZED_AUTOS = YES_AGGRESSIVE;
				GCC_WARN_UNUSED_FUNCTION = YES;
				GCC_WARN_UNUSED_VARIABLE = YES;
				IPHONEOS_DEPLOYMENT_TARGET = 17.4;
				LOCALIZATION_PREFERS_STRING_CATALOGS = YES;
				MTL_ENABLE_DEBUG_INFO = NO;
				MTL_FAST_MATH = YES;
				SDKROOT = iphoneos;
				SWIFT_COMPILATION_MODE = wholemodule;
				VALIDATE_PRODUCT = YES;
			};
			name = Release;
		};
		5450FF9E2C9EEF88005F7D0A /* Debug */ = {
			isa = XCBuildConfiguration;
			buildSettings = {
				ASSETCATALOG_COMPILER_APPICON_NAME = AppIcon;
				ASSETCATALOG_COMPILER_GLOBAL_ACCENT_COLOR_NAME = AccentColor;
				CODE_SIGN_STYLE = Automatic;
				CURRENT_PROJECT_VERSION = 1;
				DEVELOPMENT_ASSET_PATHS = "\"DailyMaple/Preview Content\"";
				DEVELOPMENT_TEAM = 82M3Y9RKT2;
				ENABLE_PREVIEWS = YES;
				GENERATE_INFOPLIST_FILE = YES;
				INFOPLIST_FILE = DailyMaple/Info.plist;
				INFOPLIST_KEY_UIApplicationSceneManifest_Generation = YES;
				INFOPLIST_KEY_UIApplicationSupportsIndirectInputEvents = YES;
				INFOPLIST_KEY_UILaunchScreen_Generation = YES;
				INFOPLIST_KEY_UISupportedInterfaceOrientations_iPad = "UIInterfaceOrientationPortrait UIInterfaceOrientationPortraitUpsideDown UIInterfaceOrientationLandscapeLeft UIInterfaceOrientationLandscapeRight";
				INFOPLIST_KEY_UISupportedInterfaceOrientations_iPhone = "UIInterfaceOrientationPortrait UIInterfaceOrientationLandscapeLeft UIInterfaceOrientationLandscapeRight";
				LD_RUNPATH_SEARCH_PATHS = (
					"$(inherited)",
					"@executable_path/Frameworks",
				);
				MARKETING_VERSION = 1.0;
				PRODUCT_BUNDLE_IDENTIFIER = com.lcho3878.DailyMaple;
				PRODUCT_NAME = "$(TARGET_NAME)";
				SWIFT_EMIT_LOC_STRINGS = YES;
				SWIFT_VERSION = 5.0;
				TARGETED_DEVICE_FAMILY = "1,2";
			};
			name = Debug;
		};
		5450FF9F2C9EEF88005F7D0A /* Release */ = {
			isa = XCBuildConfiguration;
			buildSettings = {
				ASSETCATALOG_COMPILER_APPICON_NAME = AppIcon;
				ASSETCATALOG_COMPILER_GLOBAL_ACCENT_COLOR_NAME = AccentColor;
				CODE_SIGN_STYLE = Automatic;
				CURRENT_PROJECT_VERSION = 1;
				DEVELOPMENT_ASSET_PATHS = "\"DailyMaple/Preview Content\"";
				DEVELOPMENT_TEAM = 82M3Y9RKT2;
				ENABLE_PREVIEWS = YES;
				GENERATE_INFOPLIST_FILE = YES;
				INFOPLIST_FILE = DailyMaple/Info.plist;
				INFOPLIST_KEY_UIApplicationSceneManifest_Generation = YES;
				INFOPLIST_KEY_UIApplicationSupportsIndirectInputEvents = YES;
				INFOPLIST_KEY_UILaunchScreen_Generation = YES;
				INFOPLIST_KEY_UISupportedInterfaceOrientations_iPad = "UIInterfaceOrientationPortrait UIInterfaceOrientationPortraitUpsideDown UIInterfaceOrientationLandscapeLeft UIInterfaceOrientationLandscapeRight";
				INFOPLIST_KEY_UISupportedInterfaceOrientations_iPhone = "UIInterfaceOrientationPortrait UIInterfaceOrientationLandscapeLeft UIInterfaceOrientationLandscapeRight";
				LD_RUNPATH_SEARCH_PATHS = (
					"$(inherited)",
					"@executable_path/Frameworks",
				);
				MARKETING_VERSION = 1.0;
				PRODUCT_BUNDLE_IDENTIFIER = com.lcho3878.DailyMaple;
				PRODUCT_NAME = "$(TARGET_NAME)";
				SWIFT_EMIT_LOC_STRINGS = YES;
				SWIFT_VERSION = 5.0;
				TARGETED_DEVICE_FAMILY = "1,2";
			};
			name = Release;
		};
/* End XCBuildConfiguration section */

/* Begin XCConfigurationList section */
		5450FF8A2C9EEF87005F7D0A /* Build configuration list for PBXProject "DailyMaple" */ = {
			isa = XCConfigurationList;
			buildConfigurations = (
				5450FF9B2C9EEF88005F7D0A /* Debug */,
				5450FF9C2C9EEF88005F7D0A /* Release */,
			);
			defaultConfigurationIsVisible = 0;
			defaultConfigurationName = Release;
		};
		5450FF9D2C9EEF88005F7D0A /* Build configuration list for PBXNativeTarget "DailyMaple" */ = {
			isa = XCConfigurationList;
			buildConfigurations = (
				5450FF9E2C9EEF88005F7D0A /* Debug */,
				5450FF9F2C9EEF88005F7D0A /* Release */,
			);
			defaultConfigurationIsVisible = 0;
			defaultConfigurationName = Release;
		};
/* End XCConfigurationList section */
	};
	rootObject = 5450FF872C9EEF87005F7D0A /* Project object */;
}
